
Microsoft Visual Studio Solution File, Format Version 12.00
# Visual Studio Version 17
VisualStudioVersion = 17.0.31903.59
MinimumVisualStudioVersion = 10.0.40219.1
Project("{FAE04EC0-301F-11D3-BF4B-00C04F79EFBC}") = "RelativeNumber", "RelativeNumber\RelativeNumber.csproj", "{6224C2E5-FCD9-447E-98BF-A782C6279542}"
EndProject
Global
	GlobalSection(SolutionConfigurationPlatforms) = preSolution
		Debug|Any CPU = Debug|Any CPU
		Release|Any CPU = Release|Any CPU
	EndGlobalSection
	GlobalSection(ProjectConfigurationPlatforms) = postSolution
		{6224C2E5-FCD9-447E-98BF-A782C6279542}.Debug|Any CPU.ActiveCfg = Debug|Any CPU
		{6224C2E5-FCD9-447E-98BF-A782C6279542}.Debug|Any CPU.Build.0 = Debug|Any CPU
		{6224C2E5-FCD9-447E-98BF-A782C6279542}.Release|Any CPU.ActiveCfg = Release|Any CPU
		{6224C2E5-FCD9-447E-98BF-A782C6279542}.Release|Any CPU.Build.0 = Release|Any CPU
	EndGlobalSection
	GlobalSection(SolutionProperties) = preSolution
		HideSolutionNode = FALSE
	EndGlobalSection
	GlobalSection(ExtensibilityGlobals) = postSolution
		SolutionGuid = {54DFBA45-C1CF-41BC-A4CE-C1E70940F8C7}
	EndGlobalSection
EndGlobal
